
Microsoft Visual Studio Solution File, Format Version 12.00
# Visual Studio 15
VisualStudioVersion = 15.0.28307.329
MinimumVisualStudioVersion = 10.0.40219.1
Project("{9A19103F-16F7-4668-BE54-9A1E7A4F7556}") = "EmployeeManagement", "EmployeeManagement\EmployeeManagement.csproj", "{8E8D7BC2-4EE6-4221-8FB6-D9ED189CEC14}"
EndProject
Project("{9A19103F-16F7-4668-BE54-9A1E7A4F7556}") = "DataLayer", "DataLayer\DataLayer.csproj", "{C0D82EC6-00C1-4C63-81DD-8CE1DEEE1863}"
EndProject
Project("{FAE04EC0-301F-11D3-BF4B-00C04F79EFBC}") = "EmployeeManagement.Tests", "EmployeeManagement.Tests\EmployeeManagement.Tests.csproj", "{E43DA09F-D249-4767-A98C-C2D243C23150}"
EndProject
Global
	GlobalSection(SolutionConfigurationPlatforms) = preSolution
		Debug|Any CPU = Debug|Any CPU
		Release|Any CPU = Release|Any CPU
	EndGlobalSection
	GlobalSection(ProjectConfigurationPlatforms) = postSolution
		{8E8D7BC2-4EE6-4221-8FB6-D9ED189CEC14}.Debug|Any CPU.ActiveCfg = Debug|Any CPU
		{8E8D7BC2-4EE6-4221-8FB6-D9ED189CEC14}.Debug|Any CPU.Build.0 = Debug|Any CPU
		{8E8D7BC2-4EE6-4221-8FB6-D9ED189CEC14}.Release|Any CPU.ActiveCfg = Release|Any CPU
		{8E8D7BC2-4EE6-4221-8FB6-D9ED189CEC14}.Release|Any CPU.Build.0 = Release|Any CPU
		{C0D82EC6-00C1-4C63-81DD-8CE1DEEE1863}.Debug|Any CPU.ActiveCfg = Debug|Any CPU
		{C0D82EC6-00C1-4C63-81DD-8CE1DEEE1863}.Debug|Any CPU.Build.0 = Debug|Any CPU
		{C0D82EC6-00C1-4C63-81DD-8CE1DEEE1863}.Release|Any CPU.ActiveCfg = Release|Any CPU
		{C0D82EC6-00C1-4C63-81DD-8CE1DEEE1863}.Release|Any CPU.Build.0 = Release|Any CPU
		{E43DA09F-D249-4767-A98C-C2D243C23150}.Debug|Any CPU.ActiveCfg = Debug|Any CPU
		{E43DA09F-D249-4767-A98C-C2D243C23150}.Debug|Any CPU.Build.0 = Debug|Any CPU
		{E43DA09F-D249-4767-A98C-C2D243C23150}.Release|Any CPU.ActiveCfg = Release|Any CPU
		{E43DA09F-D249-4767-A98C-C2D243C23150}.Release|Any CPU.Build.0 = Release|Any CPU
	EndGlobalSection
	GlobalSection(SolutionProperties) = preSolution
		HideSolutionNode = FALSE
	EndGlobalSection
	GlobalSection(ExtensibilityGlobals) = postSolution
		SolutionGuid = {7876948F-1BFC-4540-AC0B-01154F898D87}
	EndGlobalSection
EndGlobal
